{
  "nodes": {
    "flake-utils": {
      "locked": {
        "lastModified": 1667395993,
        "narHash": "sha256-nuEHfE/LcWyuSWnS8t12N1wc105Qtau+/OdUAjtQ0rA=",
        "owner": "numtide",
        "repo": "flake-utils",
        "rev": "5aed5285a952e0b949eb3ba02c12fa4fcfef535f",
        "type": "github"
      },
      "original": {
        "owner": "numtide",
        "repo": "flake-utils",
        "type": "github"
      }
    },
    "flake-utils_2": {
      "locked": {
        "lastModified": 1667395993,
        "narHash": "sha256-nuEHfE/LcWyuSWnS8t12N1wc105Qtau+/OdUAjtQ0rA=",
        "owner": "numtide",
        "repo": "flake-utils",
        "rev": "5aed5285a952e0b949eb3ba02c12fa4fcfef535f",
        "type": "github"
      },
      "original": {
        "owner": "numtide",
        "repo": "flake-utils",
        "type": "github"
      }
    },
    "flake-utils_3": {
      "locked": {
        "lastModified": 1659877975,
        "narHash": "sha256-zllb8aq3YO3h8B/U0/J1WBgAL8EX5yWf5pMj3G0NAmc=",
        "owner": "numtide",
        "repo": "flake-utils",
        "rev": "c0e246b9b83f637f4681389ecabcb2681b4f3af0",
        "type": "github"
      },
      "original": {
        "owner": "numtide",
        "repo": "flake-utils",
        "type": "github"
      }
    },
    "gitignore": {
      "inputs": {
        "nixpkgs": "nixpkgs"
      },
      "locked": {
        "lastModified": 1660459072,
        "narHash": "sha256-8DFJjXG8zqoONA1vXtgeKXy68KdJL5UaXR8NtVMUbx8=",
        "owner": "hercules-ci",
        "repo": "gitignore.nix",
        "rev": "a20de23b925fd8264fd7fad6454652e142fd7f73",
        "type": "github"
      },
      "original": {
        "owner": "hercules-ci",
        "repo": "gitignore.nix",
        "type": "github"
      }
    },
    "gitignore_2": {
      "inputs": {
        "nixpkgs": "nixpkgs_3"
      },
      "locked": {
        "lastModified": 1660459072,
        "narHash": "sha256-8DFJjXG8zqoONA1vXtgeKXy68KdJL5UaXR8NtVMUbx8=",
        "owner": "hercules-ci",
        "repo": "gitignore.nix",
        "rev": "a20de23b925fd8264fd7fad6454652e142fd7f73",
        "type": "github"
      },
      "original": {
        "owner": "hercules-ci",
        "repo": "gitignore.nix",
        "type": "github"
      }
    },
    "gitignore_3": {
      "inputs": {
        "nixpkgs": "nixpkgs_4"
      },
      "locked": {
        "lastModified": 1660459072,
        "narHash": "sha256-8DFJjXG8zqoONA1vXtgeKXy68KdJL5UaXR8NtVMUbx8=",
        "owner": "hercules-ci",
        "repo": "gitignore.nix",
        "rev": "a20de23b925fd8264fd7fad6454652e142fd7f73",
        "type": "github"
      },
      "original": {
        "owner": "hercules-ci",
        "repo": "gitignore.nix",
        "type": "github"
      }
    },
    "gitignore_4": {
      "inputs": {
        "nixpkgs": "nixpkgs_5"
      },
      "locked": {
        "lastModified": 1660459072,
        "narHash": "sha256-8DFJjXG8zqoONA1vXtgeKXy68KdJL5UaXR8NtVMUbx8=",
        "owner": "hercules-ci",
        "repo": "gitignore.nix",
        "rev": "a20de23b925fd8264fd7fad6454652e142fd7f73",
        "type": "github"
      },
      "original": {
        "owner": "hercules-ci",
        "repo": "gitignore.nix",
        "type": "github"
      }
    },
    "isq-opt": {
      "inputs": {
        "gitignore": "gitignore",
        "isqc-base": [
          "isqc-base"
        ],
        "mlir": "mlir"
      },
      "locked": {
        "lastModified": 1,
        "narHash": "sha256-QDJzwtsoDjJIQiDKpxm4JazBFCir6trbMKp6UAzalL4=",
        "path": "./mlir",
        "type": "path"
      },
      "original": {
        "path": "./mlir",
        "type": "path"
      }
    },
    "isq-simulator": {
      "inputs": {
        "gitignore": "gitignore_2",
        "isqc-base": [
          "isqc-base"
        ],
        "rust-overlay": [
          "rust-overlay"
        ]
      },
      "locked": {
        "lastModified": 1,
        "narHash": "sha256-WrDwX2yaTZxVZgPuNSDa1o2c3YcWIG77mXO/IS3kbMs=",
        "path": "./simulator",
        "type": "path"
      },
      "original": {
        "path": "./simulator",
        "type": "path"
      }
    },
    "isqc-base": {
      "inputs": {
        "flake-utils": "flake-utils_2",
        "nixpkgs": "nixpkgs_2"
      },
      "locked": {
        "lastModified": 1,
        "narHash": "sha256-5ufenhFwTlZTYcflpUtV8Gc6iCAoEJzjFex84k3ICWE=",
        "path": "../../",
        "type": "path"
      },
      "original": {
        "path": "../../",
        "type": "path"
      }
    },
    "isqc-base_2": {
      "inputs": {
        "flake-utils": [
          "flake-utils"
        ],
        "nixpkgs": [
          "nixpkgs"
        ]
      },
      "locked": {
        "lastModified": 1,
        "narHash": "sha256-sbTZaD5fCShdmk++jz2m/mCcy6Ysg4CHNKS4eKLY7sM=",
        "path": "./base",
        "type": "path"
      },
      "original": {
        "path": "./base",
        "type": "path"
      }
    },
    "isqc-driver": {
      "inputs": {
        "gitignore": "gitignore_3",
        "isqc-base": [
          "isqc-base"
        ],
        "rust-overlay": [
          "rust-overlay"
        ]
      },
      "locked": {
        "lastModified": 1,
        "narHash": "sha256-NBC9XMgHrhKFCjNzjEYWmObeY9z1xsXTqiolM47BqpE=",
        "path": "./isqc",
        "type": "path"
      },
      "original": {
        "path": "./isqc",
        "type": "path"
      }
    },
    "isqc1": {
      "inputs": {
        "gitignore": "gitignore_4",
        "isqc-base": [
          "isqc-base"
        ]
      },
      "locked": {
        "lastModified": 1,
        "narHash": "sha256-4Wxis6XniATYuNg9Osh6Gnex0fkJMyVuURmK0IIUUVo=",
        "path": "./frontend",
        "type": "path"
      },
      "original": {
        "path": "./frontend",
        "type": "path"
      }
    },
    "mlir": {
      "inputs": {
        "isqc-base": "isqc-base"
      },
      "locked": {
        "lastModified": 1,
        "narHash": "sha256-fu3W+xp795DgtqmujuIE8lTH6iIzO61QzpFmInV7t4w=",
        "path": "../base/vendor/mlir",
        "type": "path"
      },
      "original": {
        "path": "../base/vendor/mlir",
        "type": "path"
      }
    },
    "mlir_2": {
      "inputs": {
        "isqc-base": [
          "isqc-base"
        ]
      },
      "locked": {
        "lastModified": 1,
        "narHash": "sha256-fu3W+xp795DgtqmujuIE8lTH6iIzO61QzpFmInV7t4w=",
        "path": "./base/vendor/mlir",
        "type": "path"
      },
      "original": {
        "path": "./base/vendor/mlir",
        "type": "path"
      }
    },
    "nixpkgs": {
      "locked": {
        "lastModified": 1632846328,
        "narHash": "sha256-sFi6YtlGK30TBB9o6CW7LG9mYHkgtKeWbSLAjjrNTX0=",
        "owner": "NixOS",
        "repo": "nixpkgs",
        "rev": "2b71ddd869ad592510553d09fe89c9709fa26b2b",
        "type": "github"
      },
      "original": {
        "id": "nixpkgs",
        "type": "indirect"
      }
    },
    "nixpkgs_2": {
      "locked": {
        "lastModified": 1674407282,
        "narHash": "sha256-2qwc8mrPINSFdWffPK+ji6nQ9aGnnZyHSItVcYDZDlk=",
        "owner": "NixOS",
        "repo": "nixpkgs",
        "rev": "ab1254087f4cdf4af74b552d7fc95175d9bdbb49",
        "type": "github"
      },
      "original": {
        "owner": "NixOS",
        "ref": "nixos-22.11",
        "repo": "nixpkgs",
        "type": "github"
      }
    },
    "nixpkgs_3": {
      "locked": {
        "lastModified": 1632846328,
        "narHash": "sha256-sFi6YtlGK30TBB9o6CW7LG9mYHkgtKeWbSLAjjrNTX0=",
        "owner": "NixOS",
        "repo": "nixpkgs",
        "rev": "2b71ddd869ad592510553d09fe89c9709fa26b2b",
        "type": "github"
      },
      "original": {
        "id": "nixpkgs",
        "type": "indirect"
      }
    },
    "nixpkgs_4": {
      "locked": {
        "lastModified": 1632846328,
        "narHash": "sha256-sFi6YtlGK30TBB9o6CW7LG9mYHkgtKeWbSLAjjrNTX0=",
        "owner": "NixOS",
        "repo": "nixpkgs",
        "rev": "2b71ddd869ad592510553d09fe89c9709fa26b2b",
        "type": "github"
      },
      "original": {
        "id": "nixpkgs",
        "type": "indirect"
      }
    },
    "nixpkgs_5": {
      "locked": {
        "lastModified": 1674487464,
        "narHash": "sha256-Jgq50e4S4JVCYpWLqrabBzDp/1mfaxHCh8/OOorHTy0=",
        "owner": "NixOS",
        "repo": "nixpkgs",
        "rev": "3954218cf613eba8e0dcefa9abe337d26bc48fd0",
        "type": "github"
      },
      "original": {
        "id": "nixpkgs",
        "type": "indirect"
      }
    },
    "nixpkgs_6": {
      "locked": {
        "lastModified": 1674407282,
        "narHash": "sha256-2qwc8mrPINSFdWffPK+ji6nQ9aGnnZyHSItVcYDZDlk=",
        "owner": "NixOS",
        "repo": "nixpkgs",
        "rev": "ab1254087f4cdf4af74b552d7fc95175d9bdbb49",
        "type": "github"
      },
      "original": {
        "owner": "NixOS",
        "ref": "nixos-22.11",
        "repo": "nixpkgs",
        "type": "github"
      }
    },
    "nixpkgs_7": {
      "locked": {
        "lastModified": 1665296151,
        "narHash": "sha256-uOB0oxqxN9K7XGF1hcnY+PQnlQJ+3bP2vCn/+Ru/bbc=",
        "owner": "NixOS",
        "repo": "nixpkgs",
        "rev": "14ccaaedd95a488dd7ae142757884d8e125b3363",
        "type": "github"
      },
      "original": {
        "owner": "NixOS",
        "ref": "nixpkgs-unstable",
        "repo": "nixpkgs",
        "type": "github"
      }
    },
    "root": {
      "inputs": {
        "flake-utils": "flake-utils",
        "isq-opt": "isq-opt",
        "isq-simulator": "isq-simulator",
        "isqc-base": "isqc-base_2",
        "isqc-driver": "isqc-driver",
        "isqc1": "isqc1",
        "mlir": "mlir_2",
        "nixpkgs": "nixpkgs_6",
        "rust-overlay": "rust-overlay"
      }
    },
    "rust-overlay": {
      "inputs": {
        "flake-utils": "flake-utils_3",
        "nixpkgs": "nixpkgs_7"
      },
      "locked": {
        "lastModified": 1674699969,
        "narHash": "sha256-gkhhGV7zBVoEIl1sFSz67r0d8fTeY57coY/+zDzxrbk=",
        "owner": "oxalica",
        "repo": "rust-overlay",
        "rev": "480f9cc37db841d1fd3ac0b0c059d48e5eb6946c",
        "type": "github"
      },
      "original": {
        "owner": "oxalica",
        "repo": "rust-overlay",
        "type": "github"
      }
    }
  },
  "root": "root",
  "version": 7
}
